// !$*UTF8*$!
{
	archiveVersion = 1;
	classes = {
	};
	objectVersion = 50;
	objects = {

/* Begin PBXBuildFile section */
		040F333E2160BCEC00453D65 /* AppDelegate.swift in Sources */ = {isa = PBXBuildFile; fileRef = 040F333D2160BCEC00453D65 /* AppDelegate.swift */; };
		040F33422160BCEE00453D65 /* Assets.xcassets in Resources */ = {isa = PBXBuildFile; fileRef = 040F33412160BCEE00453D65 /* Assets.xcassets */; };
		040F33452160BCEE00453D65 /* Main.storyboard in Resources */ = {isa = PBXBuildFile; fileRef = 040F33432160BCEE00453D65 /* Main.storyboard */; };
		040F334F2160BF2800453D65 /* ServiceManagement.framework in Frameworks */ = {isa = PBXBuildFile; fileRef = 040F334E2160BF2800453D65 /* ServiceManagement.framework */; };
		045CDDEC215AE07900F29321 /* DynamicDarkModeManager.swift in Sources */ = {isa = PBXBuildFile; fileRef = 045CDDEB215AE07900F29321 /* DynamicDarkModeManager.swift */; };
		0475C680215A530900BE3894 /* AppDelegate.swift in Sources */ = {isa = PBXBuildFile; fileRef = 0475C67F215A530900BE3894 /* AppDelegate.swift */; };
		0475C682215A530900BE3894 /* PreferencesViewController.swift in Sources */ = {isa = PBXBuildFile; fileRef = 0475C681215A530900BE3894 /* PreferencesViewController.swift */; };
		0475C684215A530C00BE3894 /* Assets.xcassets in Resources */ = {isa = PBXBuildFile; fileRef = 0475C683215A530C00BE3894 /* Assets.xcassets */; };
		0475C687215A530C00BE3894 /* Main.storyboard in Resources */ = {isa = PBXBuildFile; fileRef = 0475C685215A530C00BE3894 /* Main.storyboard */; };
		04AB46382160CD0400C26B8B /* Dynamic Dark Mode Launch Helper.app in CopyFiles */ = {isa = PBXBuildFile; fileRef = 040F333B2160BCEC00453D65 /* Dynamic Dark Mode Launch Helper.app */; settings = {ATTRIBUTES = (RemoveHeadersOnCopy, ); }; };
		04AB46392160CD1800C26B8B /* ServiceManagement.framework in Frameworks */ = {isa = PBXBuildFile; fileRef = 040F334E2160BF2800453D65 /* ServiceManagement.framework */; };
		04B0AB84215ACD930057C9BF /* Solar.swift in Sources */ = {isa = PBXBuildFile; fileRef = 04B0AB83215ACD930057C9BF /* Solar.swift */; };
		04D2F7DD215A898F00291E01 /* MenuBarViewController.swift in Sources */ = {isa = PBXBuildFile; fileRef = 04D2F7DC215A898F00291E01 /* MenuBarViewController.swift */; };
		04FBA471215A973F00F422B9 /* EventMonitor.swift in Sources */ = {isa = PBXBuildFile; fileRef = 04FBA470215A973F00F422B9 /* EventMonitor.swift */; };
/* End PBXBuildFile section */

/* Begin PBXCopyFilesBuildPhase section */
		04AB46372160CCEA00C26B8B /* CopyFiles */ = {
			isa = PBXCopyFilesBuildPhase;
			buildActionMask = 2147483647;
			dstPath = Contents/Library/LoginItems;
			dstSubfolderSpec = 1;
			files = (
				04AB46382160CD0400C26B8B /* Dynamic Dark Mode Launch Helper.app in CopyFiles */,
			);
			runOnlyForDeploymentPostprocessing = 0;
		};
/* End PBXCopyFilesBuildPhase section */

/* Begin PBXFileReference section */
		040F333B2160BCEC00453D65 /* Dynamic Dark Mode Launch Helper.app */ = {isa = PBXFileReference; explicitFileType = wrapper.application; includeInIndex = 0; path = "Dynamic Dark Mode Launch Helper.app"; sourceTree = BUILT_PRODUCTS_DIR; };
		040F333D2160BCEC00453D65 /* AppDelegate.swift */ = {isa = PBXFileReference; lastKnownFileType = sourcecode.swift; path = AppDelegate.swift; sourceTree = "<group>"; };
		040F33412160BCEE00453D65 /* Assets.xcassets */ = {isa = PBXFileReference; lastKnownFileType = folder.assetcatalog; path = Assets.xcassets; sourceTree = "<group>"; };
		040F33442160BCEE00453D65 /* Base */ = {isa = PBXFileReference; lastKnownFileType = file.storyboard; name = Base; path = Base.lproj/Main.storyboard; sourceTree = "<group>"; };
		040F33462160BCEE00453D65 /* Info.plist */ = {isa = PBXFileReference; lastKnownFileType = text.plist.xml; path = Info.plist; sourceTree = "<group>"; };
		040F33472160BCEE00453D65 /* Dynamic_Dark_Mode_Launch_Helper.entitlements */ = {isa = PBXFileReference; lastKnownFileType = text.plist.entitlements; path = Dynamic_Dark_Mode_Launch_Helper.entitlements; sourceTree = "<group>"; };
		040F334E2160BF2800453D65 /* ServiceManagement.framework */ = {isa = PBXFileReference; lastKnownFileType = wrapper.framework; name = ServiceManagement.framework; path = System/Library/Frameworks/ServiceManagement.framework; sourceTree = SDKROOT; };
		045CDDEB215AE07900F29321 /* DynamicDarkModeManager.swift */ = {isa = PBXFileReference; lastKnownFileType = sourcecode.swift; path = DynamicDarkModeManager.swift; sourceTree = "<group>"; };
		0475C67C215A530900BE3894 /* Dynamic Dark Mode.app */ = {isa = PBXFileReference; explicitFileType = wrapper.application; includeInIndex = 0; path = "Dynamic Dark Mode.app"; sourceTree = BUILT_PRODUCTS_DIR; };
		0475C67F215A530900BE3894 /* AppDelegate.swift */ = {isa = PBXFileReference; lastKnownFileType = sourcecode.swift; path = AppDelegate.swift; sourceTree = "<group>"; };
		0475C681215A530900BE3894 /* PreferencesViewController.swift */ = {isa = PBXFileReference; lastKnownFileType = sourcecode.swift; path = PreferencesViewController.swift; sourceTree = "<group>"; };
		0475C683215A530C00BE3894 /* Assets.xcassets */ = {isa = PBXFileReference; lastKnownFileType = folder.assetcatalog; path = Assets.xcassets; sourceTree = "<group>"; };
		0475C686215A530C00BE3894 /* Base */ = {isa = PBXFileReference; lastKnownFileType = file.storyboard; name = Base; path = Base.lproj/Main.storyboard; sourceTree = "<group>"; };
		0475C688215A530C00BE3894 /* Info.plist */ = {isa = PBXFileReference; lastKnownFileType = text.plist.xml; path = Info.plist; sourceTree = "<group>"; };
		0475C68F215A58B900BE3894 /* Dynamic Dark Mode.entitlements */ = {isa = PBXFileReference; lastKnownFileType = text.plist.entitlements; path = "Dynamic Dark Mode.entitlements"; sourceTree = "<group>"; };
		04B0AB83215ACD930057C9BF /* Solar.swift */ = {isa = PBXFileReference; lastKnownFileType = sourcecode.swift; path = Solar.swift; sourceTree = "<group>"; };
		04D2F7DC215A898F00291E01 /* MenuBarViewController.swift */ = {isa = PBXFileReference; lastKnownFileType = sourcecode.swift; path = MenuBarViewController.swift; sourceTree = "<group>"; };
		04FBA470215A973F00F422B9 /* EventMonitor.swift */ = {isa = PBXFileReference; lastKnownFileType = sourcecode.swift; path = EventMonitor.swift; sourceTree = "<group>"; };
/* End PBXFileReference section */

/* Begin PBXFrameworksBuildPhase section */
		040F33382160BCEC00453D65 /* Frameworks */ = {
			isa = PBXFrameworksBuildPhase;
			buildActionMask = 2147483647;
			files = (
				040F334F2160BF2800453D65 /* ServiceManagement.framework in Frameworks */,
			);
			runOnlyForDeploymentPostprocessing = 0;
		};
		0475C679215A530900BE3894 /* Frameworks */ = {
			isa = PBXFrameworksBuildPhase;
			buildActionMask = 2147483647;
			files = (
				04AB46392160CD1800C26B8B /* ServiceManagement.framework in Frameworks */,
			);
			runOnlyForDeploymentPostprocessing = 0;
		};
/* End PBXFrameworksBuildPhase section */

/* Begin PBXGroup section */
		040F333C2160BCEC00453D65 /* Dynamic Dark Mode Launch Helper */ = {
			isa = PBXGroup;
			children = (
				040F333D2160BCEC00453D65 /* AppDelegate.swift */,
				040F33412160BCEE00453D65 /* Assets.xcassets */,
				040F33432160BCEE00453D65 /* Main.storyboard */,
				040F33462160BCEE00453D65 /* Info.plist */,
				040F33472160BCEE00453D65 /* Dynamic_Dark_Mode_Launch_Helper.entitlements */,
			);
			path = "Dynamic Dark Mode Launch Helper";
			sourceTree = "<group>";
		};
		040F334D2160BF2800453D65 /* Frameworks */ = {
			isa = PBXGroup;
			children = (
				040F334E2160BF2800453D65 /* ServiceManagement.framework */,
			);
			name = Frameworks;
			sourceTree = "<group>";
		};
		0417C057215BA226006DB7A2 /* ViewControllers */ = {
			isa = PBXGroup;
			children = (
				04D2F7DC215A898F00291E01 /* MenuBarViewController.swift */,
				0475C681215A530900BE3894 /* PreferencesViewController.swift */,
			);
			path = ViewControllers;
			sourceTree = "<group>";
		};
		0475C673215A530900BE3894 = {
			isa = PBXGroup;
			children = (
				0475C67E215A530900BE3894 /* Dynamic Dark Mode */,
				040F333C2160BCEC00453D65 /* Dynamic Dark Mode Launch Helper */,
				0475C67D215A530900BE3894 /* Products */,
				040F334D2160BF2800453D65 /* Frameworks */,
			);
			sourceTree = "<group>";
		};
		0475C67D215A530900BE3894 /* Products */ = {
			isa = PBXGroup;
			children = (
				0475C67C215A530900BE3894 /* Dynamic Dark Mode.app */,
				040F333B2160BCEC00453D65 /* Dynamic Dark Mode Launch Helper.app */,
			);
			name = Products;
			sourceTree = "<group>";
		};
		0475C67E215A530900BE3894 /* Dynamic Dark Mode */ = {
			isa = PBXGroup;
			children = (
				0475C68F215A58B900BE3894 /* Dynamic Dark Mode.entitlements */,
				0475C67F215A530900BE3894 /* AppDelegate.swift */,
				0417C057215BA226006DB7A2 /* ViewControllers */,
				04FBA470215A973F00F422B9 /* EventMonitor.swift */,
				045CDDEB215AE07900F29321 /* DynamicDarkModeManager.swift */,
				0475C683215A530C00BE3894 /* Assets.xcassets */,
				0475C685215A530C00BE3894 /* Main.storyboard */,
				0475C688215A530C00BE3894 /* Info.plist */,
				04B0AB82215ACD4E0057C9BF /* Solar */,
			);
			path = "Dynamic Dark Mode";
			sourceTree = "<group>";
		};
		04B0AB82215ACD4E0057C9BF /* Solar */ = {
			isa = PBXGroup;
			children = (
				04B0AB83215ACD930057C9BF /* Solar.swift */,
			);
			path = Solar;
			sourceTree = "<group>";
		};
/* End PBXGroup section */

/* Begin PBXNativeTarget section */
		040F333A2160BCEC00453D65 /* Dynamic Dark Mode Launch Helper */ = {
			isa = PBXNativeTarget;
			buildConfigurationList = 040F334A2160BCEE00453D65 /* Build configuration list for PBXNativeTarget "Dynamic Dark Mode Launch Helper" */;
			buildPhases = (
				040F33372160BCEC00453D65 /* Sources */,
				040F33382160BCEC00453D65 /* Frameworks */,
				040F33392160BCEC00453D65 /* Resources */,
			);
			buildRules = (
			);
			dependencies = (
			);
			name = "Dynamic Dark Mode Launch Helper";
			productName = "Dynamic Dark Mode Launch Helper";
			productReference = 040F333B2160BCEC00453D65 /* Dynamic Dark Mode Launch Helper.app */;
			productType = "com.apple.product-type.application";
		};
		0475C67B215A530900BE3894 /* Dynamic Dark Mode */ = {
			isa = PBXNativeTarget;
			buildConfigurationList = 0475C68C215A530C00BE3894 /* Build configuration list for PBXNativeTarget "Dynamic Dark Mode" */;
			buildPhases = (
				0475C678215A530900BE3894 /* Sources */,
				0475C679215A530900BE3894 /* Frameworks */,
				0475C67A215A530900BE3894 /* Resources */,
				04AB46372160CCEA00C26B8B /* CopyFiles */,
			);
			buildRules = (
			);
			dependencies = (
			);
			name = "Dynamic Dark Mode";
			productName = "Dynamic Dark Mode";
			productReference = 0475C67C215A530900BE3894 /* Dynamic Dark Mode.app */;
			productType = "com.apple.product-type.application";
		};
/* End PBXNativeTarget section */

/* Begin PBXProject section */
		0475C674215A530900BE3894 /* Project object */ = {
			isa = PBXProject;
			attributes = {
				LastSwiftUpdateCheck = 1000;
				LastUpgradeCheck = 1000;
				ORGANIZATIONNAME = "Adrien Grondin";
				TargetAttributes = {
					040F333A2160BCEC00453D65 = {
						CreatedOnToolsVersion = 10.0;
					};
					0475C67B215A530900BE3894 = {
						CreatedOnToolsVersion = 10.0;
						SystemCapabilities = {
							com.apple.Sandbox = {
								enabled = 1;
							};
							com.apple.iCloud = {
								enabled = 0;
							};
						};
					};
				};
			};
			buildConfigurationList = 0475C677215A530900BE3894 /* Build configuration list for PBXProject "Dynamic Dark Mode" */;
			compatibilityVersion = "Xcode 9.3";
			developmentRegion = en;
			hasScannedForEncodings = 0;
			knownRegions = (
				en,
				Base,
			);
			mainGroup = 0475C673215A530900BE3894;
			productRefGroup = 0475C67D215A530900BE3894 /* Products */;
			projectDirPath = "";
			projectRoot = "";
			targets = (
				0475C67B215A530900BE3894 /* Dynamic Dark Mode */,
				040F333A2160BCEC00453D65 /* Dynamic Dark Mode Launch Helper */,
			);
		};
/* End PBXProject section */

/* Begin PBXResourcesBuildPhase section */
		040F33392160BCEC00453D65 /* Resources */ = {
			isa = PBXResourcesBuildPhase;
			buildActionMask = 2147483647;
			files = (
				040F33422160BCEE00453D65 /* Assets.xcassets in Resources */,
				040F33452160BCEE00453D65 /* Main.storyboard in Resources */,
			);
			runOnlyForDeploymentPostprocessing = 0;
		};
		0475C67A215A530900BE3894 /* Resources */ = {
			isa = PBXResourcesBuildPhase;
			buildActionMask = 2147483647;
			files = (
				0475C684215A530C00BE3894 /* Assets.xcassets in Resources */,
				0475C687215A530C00BE3894 /* Main.storyboard in Resources */,
			);
			runOnlyForDeploymentPostprocessing = 0;
		};
/* End PBXResourcesBuildPhase section */

/* Begin PBXSourcesBuildPhase section */
		040F33372160BCEC00453D65 /* Sources */ = {
			isa = PBXSourcesBuildPhase;
			buildActionMask = 2147483647;
			files = (
				040F333E2160BCEC00453D65 /* AppDelegate.swift in Sources */,
			);
			runOnlyForDeploymentPostprocessing = 0;
		};
		0475C678215A530900BE3894 /* Sources */ = {
			isa = PBXSourcesBuildPhase;
			buildActionMask = 2147483647;
			files = (
				04B0AB84215ACD930057C9BF /* Solar.swift in Sources */,
				0475C682215A530900BE3894 /* PreferencesViewController.swift in Sources */,
				045CDDEC215AE07900F29321 /* DynamicDarkModeManager.swift in Sources */,
				0475C680215A530900BE3894 /* AppDelegate.swift in Sources */,
				04D2F7DD215A898F00291E01 /* MenuBarViewController.swift in Sources */,
				04FBA471215A973F00F422B9 /* EventMonitor.swift in Sources */,
			);
			runOnlyForDeploymentPostprocessing = 0;
		};
/* End PBXSourcesBuildPhase section */

/* Begin PBXVariantGroup section */
		040F33432160BCEE00453D65 /* Main.storyboard */ = {
			isa = PBXVariantGroup;
			children = (
				040F33442160BCEE00453D65 /* Base */,
			);
			name = Main.storyboard;
			sourceTree = "<group>";
		};
		0475C685215A530C00BE3894 /* Main.storyboard */ = {
			isa = PBXVariantGroup;
			children = (
				0475C686215A530C00BE3894 /* Base */,
			);
			name = Main.storyboard;
			sourceTree = "<group>";
		};
/* End PBXVariantGroup section */

/* Begin XCBuildConfiguration section */
		040F33482160BCEE00453D65 /* Debug */ = {
			isa = XCBuildConfiguration;
			buildSettings = {
				ASSETCATALOG_COMPILER_APPICON_NAME = AppIcon;
				CODE_SIGN_ENTITLEMENTS = "Dynamic Dark Mode Launch Helper/Dynamic_Dark_Mode_Launch_Helper.entitlements";
				CODE_SIGN_STYLE = Automatic;
				COMBINE_HIDPI_IMAGES = YES;
				DEVELOPMENT_TEAM = 7Q79JZTPP9;
				INFOPLIST_FILE = "Dynamic Dark Mode Launch Helper/Info.plist";
				LD_RUNPATH_SEARCH_PATHS = (
					"$(inherited)",
					"@executable_path/../Frameworks",
				);
				PRODUCT_BUNDLE_IDENTIFIER = "com.adriengrondin.Dynamic-Dark-Mode-Launch-Helper";
				PRODUCT_NAME = "$(TARGET_NAME)";
				SKIP_INSTALL = YES;
				SWIFT_VERSION = 4.2;
			};
			name = Debug;
		};
		040F33492160BCEE00453D65 /* Release */ = {
			isa = XCBuildConfiguration;
			buildSettings = {
				ASSETCATALOG_COMPILER_APPICON_NAME = AppIcon;
				CODE_SIGN_ENTITLEMENTS = "Dynamic Dark Mode Launch Helper/Dynamic_Dark_Mode_Launch_Helper.entitlements";
				CODE_SIGN_STYLE = Automatic;
				COMBINE_HIDPI_IMAGES = YES;
				DEVELOPMENT_TEAM = 7Q79JZTPP9;
				INFOPLIST_FILE = "Dynamic Dark Mode Launch Helper/Info.plist";
				LD_RUNPATH_SEARCH_PATHS = (
					"$(inherited)",
					"@executable_path/../Frameworks",
				);
				PRODUCT_BUNDLE_IDENTIFIER = "com.adriengrondin.Dynamic-Dark-Mode-Launch-Helper";
				PRODUCT_NAME = "$(TARGET_NAME)";
				SKIP_INSTALL = YES;
				SWIFT_VERSION = 4.2;
			};
			name = Release;
		};
		0475C68A215A530C00BE3894 /* Debug */ = {
			isa = XCBuildConfiguration;
			buildSettings = {
				ALWAYS_SEARCH_USER_PATHS = NO;
				CLANG_ANALYZER_NONNULL = YES;
				CLANG_ANALYZER_NUMBER_OBJECT_CONVERSION = YES_AGGRESSIVE;
				CLANG_CXX_LANGUAGE_STANDARD = "gnu++14";
				CLANG_CXX_LIBRARY = "libc++";
				CLANG_ENABLE_MODULES = YES;
				CLANG_ENABLE_OBJC_ARC = YES;
				CLANG_ENABLE_OBJC_WEAK = YES;
				CLANG_WARN_BLOCK_CAPTURE_AUTORELEASING = YES;
				CLANG_WARN_BOOL_CONVERSION = YES;
				CLANG_WARN_COMMA = YES;
				CLANG_WARN_CONSTANT_CONVERSION = YES;
				CLANG_WARN_DEPRECATED_OBJC_IMPLEMENTATIONS = YES;
				CLANG_WARN_DIRECT_OBJC_ISA_USAGE = YES_ERROR;
				CLANG_WARN_DOCUMENTATION_COMMENTS = YES;
				CLANG_WARN_EMPTY_BODY = YES;
				CLANG_WARN_ENUM_CONVERSION = YES;
				CLANG_WARN_INFINITE_RECURSION = YES;
				CLANG_WARN_INT_CONVERSION = YES;
				CLANG_WARN_NON_LITERAL_NULL_CONVERSION = YES;
				CLANG_WARN_OBJC_IMPLICIT_RETAIN_SELF = YES;
				CLANG_WARN_OBJC_LITERAL_CONVERSION = YES;
				CLANG_WARN_OBJC_ROOT_CLASS = YES_ERROR;
				CLANG_WARN_RANGE_LOOP_ANALYSIS = YES;
				CLANG_WARN_STRICT_PROTOTYPES = YES;
				CLANG_WARN_SUSPICIOUS_MOVE = YES;
				CLANG_WARN_UNGUARDED_AVAILABILITY = YES_AGGRESSIVE;
				CLANG_WARN_UNREACHABLE_CODE = YES;
				CLANG_WARN__DUPLICATE_METHOD_MATCH = YES;
				CODE_SIGN_IDENTITY = "Mac Developer";
				COPY_PHASE_STRIP = NO;
				DEBUG_INFORMATION_FORMAT = dwarf;
				ENABLE_STRICT_OBJC_MSGSEND = YES;
				ENABLE_TESTABILITY = YES;
				GCC_C_LANGUAGE_STANDARD = gnu11;
				GCC_DYNAMIC_NO_PIC = NO;
				GCC_NO_COMMON_BLOCKS = YES;
				GCC_OPTIMIZATION_LEVEL = 0;
				GCC_PREPROCESSOR_DEFINITIONS = (
					"DEBUG=1",
					"$(inherited)",
				);
				GCC_WARN_64_TO_32_BIT_CONVERSION = YES;
				GCC_WARN_ABOUT_RETURN_TYPE = YES_ERROR;
				GCC_WARN_UNDECLARED_SELECTOR = YES;
				GCC_WARN_UNINITIALIZED_AUTOS = YES_AGGRESSIVE;
				GCC_WARN_UNUSED_FUNCTION = YES;
				GCC_WARN_UNUSED_VARIABLE = YES;
				MACOSX_DEPLOYMENT_TARGET = 10.14;
				MTL_ENABLE_DEBUG_INFO = INCLUDE_SOURCE;
				MTL_FAST_MATH = YES;
				ONLY_ACTIVE_ARCH = YES;
				SDKROOT = macosx;
				SWIFT_ACTIVE_COMPILATION_CONDITIONS = DEBUG;
				SWIFT_OPTIMIZATION_LEVEL = "-Onone";
			};
			name = Debug;
		};
		0475C68B215A530C00BE3894 /* Release */ = {
			isa = XCBuildConfiguration;
			buildSettings = {
				ALWAYS_SEARCH_USER_PATHS = NO;
				CLANG_ANALYZER_NONNULL = YES;
				CLANG_ANALYZER_NUMBER_OBJECT_CONVERSION = YES_AGGRESSIVE;
				CLANG_CXX_LANGUAGE_STANDARD = "gnu++14";
				CLANG_CXX_LIBRARY = "libc++";
				CLANG_ENABLE_MODULES = YES;
				CLANG_ENABLE_OBJC_ARC = YES;
				CLANG_ENABLE_OBJC_WEAK = YES;
				CLANG_WARN_BLOCK_CAPTURE_AUTORELEASING = YES;
				CLANG_WARN_BOOL_CONVERSION = YES;
				CLANG_WARN_COMMA = YES;
				CLANG_WARN_CONSTANT_CONVERSION = YES;
				CLANG_WARN_DEPRECATED_OBJC_IMPLEMENTATIONS = YES;
				CLANG_WARN_DIRECT_OBJC_ISA_USAGE = YES_ERROR;
				CLANG_WARN_DOCUMENTATION_COMMENTS = YES;
				CLANG_WARN_EMPTY_BODY = YES;
				CLANG_WARN_ENUM_CONVERSION = YES;
				CLANG_WARN_INFINITE_RECURSION = YES;
				CLANG_WARN_INT_CONVERSION = YES;
				CLANG_WARN_NON_LITERAL_NULL_CONVERSION = YES;
				CLANG_WARN_OBJC_IMPLICIT_RETAIN_SELF = YES;
				CLANG_WARN_OBJC_LITERAL_CONVERSION = YES;
				CLANG_WARN_OBJC_ROOT_CLASS = YES_ERROR;
				CLANG_WARN_RANGE_LOOP_ANALYSIS = YES;
				CLANG_WARN_STRICT_PROTOTYPES = YES;
				CLANG_WARN_SUSPICIOUS_MOVE = YES;
				CLANG_WARN_UNGUARDED_AVAILABILITY = YES_AGGRESSIVE;
				CLANG_WARN_UNREACHABLE_CODE = YES;
				CLANG_WARN__DUPLICATE_METHOD_MATCH = YES;
				CODE_SIGN_IDENTITY = "Mac Developer";
				COPY_PHASE_STRIP = NO;
				DEBUG_INFORMATION_FORMAT = "dwarf-with-dsym";
				ENABLE_NS_ASSERTIONS = NO;
				ENABLE_STRICT_OBJC_MSGSEND = YES;
				GCC_C_LANGUAGE_STANDARD = gnu11;
				GCC_NO_COMMON_BLOCKS = YES;
				GCC_WARN_64_TO_32_BIT_CONVERSION = YES;
				GCC_WARN_ABOUT_RETURN_TYPE = YES_ERROR;
				GCC_WARN_UNDECLARED_SELECTOR = YES;
				GCC_WARN_UNINITIALIZED_AUTOS = YES_AGGRESSIVE;
				GCC_WARN_UNUSED_FUNCTION = YES;
				GCC_WARN_UNUSED_VARIABLE = YES;
				MACOSX_DEPLOYMENT_TARGET = 10.14;
				MTL_ENABLE_DEBUG_INFO = NO;
				MTL_FAST_MATH = YES;
				SDKROOT = macosx;
				SWIFT_COMPILATION_MODE = wholemodule;
				SWIFT_OPTIMIZATION_LEVEL = "-O";
			};
			name = Release;
		};
		0475C68D215A530C00BE3894 /* Debug */ = {
			isa = XCBuildConfiguration;
			buildSettings = {
				ASSETCATALOG_COMPILER_APPICON_NAME = AppIcon;
				CODE_SIGN_ENTITLEMENTS = "Dynamic Dark Mode/Dynamic Dark Mode.entitlements";
				CODE_SIGN_STYLE = Automatic;
				COMBINE_HIDPI_IMAGES = YES;
				DEVELOPMENT_TEAM = 7Q79JZTPP9;
				INFOPLIST_FILE = "Dynamic Dark Mode/Info.plist";
				LD_RUNPATH_SEARCH_PATHS = (
					"$(inherited)",
					"@executable_path/../Frameworks",
				);
				PRODUCT_BUNDLE_IDENTIFIER = "com.adriengrondin.Dynamic-Dark-Mode";
				PRODUCT_NAME = "$(TARGET_NAME)";
				SWIFT_VERSION = 4.2;
			};
			name = Debug;
		};
		0475C68E215A530C00BE3894 /* Release */ = {
			isa = XCBuildConfiguration;
			buildSettings = {
				ASSETCATALOG_COMPILER_APPICON_NAME = AppIcon;
				CODE_SIGN_ENTITLEMENTS = "Dynamic Dark Mode/Dynamic Dark Mode.entitlements";
				CODE_SIGN_STYLE = Automatic;
				COMBINE_HIDPI_IMAGES = YES;
				DEVELOPMENT_TEAM = 7Q79JZTPP9;
				INFOPLIST_FILE = "Dynamic Dark Mode/Info.plist";
				LD_RUNPATH_SEARCH_PATHS = (
					"$(inherited)",
					"@executable_path/../Frameworks",
				);
				PRODUCT_BUNDLE_IDENTIFIER = "com.adriengrondin.Dynamic-Dark-Mode";
				PRODUCT_NAME = "$(TARGET_NAME)";
				SWIFT_VERSION = 4.2;
			};
			name = Release;
		};
/* End XCBuildConfiguration section */

/* Begin XCConfigurationList section */
		040F334A2160BCEE00453D65 /* Build configuration list for PBXNativeTarget "Dynamic Dark Mode Launch Helper" */ = {
			isa = XCConfigurationList;
			buildConfigurations = (
				040F33482160BCEE00453D65 /* Debug */,
				040F33492160BCEE00453D65 /* Release */,
			);
			defaultConfigurationIsVisible = 0;
			defaultConfigurationName = Release;
		};
		0475C677215A530900BE3894 /* Build configuration list for PBXProject "Dynamic Dark Mode" */ = {
			isa = XCConfigurationList;
			buildConfigurations = (
				0475C68A215A530C00BE3894 /* Debug */,
				0475C68B215A530C00BE3894 /* Release */,
			);
			defaultConfigurationIsVisible = 0;
			defaultConfigurationName = Release;
		};
		0475C68C215A530C00BE3894 /* Build configuration list for PBXNativeTarget "Dynamic Dark Mode" */ = {
			isa = XCConfigurationList;
			buildConfigurations = (
				0475C68D215A530C00BE3894 /* Debug */,
				0475C68E215A530C00BE3894 /* Release */,
			);
			defaultConfigurationIsVisible = 0;
			defaultConfigurationName = Release;
		};
/* End XCConfigurationList section */
	};
	rootObject = 0475C674215A530900BE3894 /* Project object */;
}
